
Microsoft Visual Studio Solution File, Format Version 12.00
# Visual Studio Version 17
VisualStudioVersion = 17.11.35312.102
MinimumVisualStudioVersion = 10.0.40219.1
Project("{9A19103F-16F7-4668-BE54-9A1E7A4F7556}") = "LabWork2", "LabWork2\LabWork2.csproj", "{6F5AC7A0-9CFA-47F4-98D7-C13BD79F9CC4}"
EndProject
Global
	GlobalSection(SolutionConfigurationPlatforms) = preSolution
		Debug|Any CPU = Debug|Any CPU
		Release|Any CPU = Release|Any CPU
	EndGlobalSection
	GlobalSection(ProjectConfigurationPlatforms) = postSolution
		{6F5AC7A0-9CFA-47F4-98D7-C13BD79F9CC4}.Debug|Any CPU.ActiveCfg = Debug|Any CPU
		{6F5AC7A0-9CFA-47F4-98D7-C13BD79F9CC4}.Debug|Any CPU.Build.0 = Debug|Any CPU
		{6F5AC7A0-9CFA-47F4-98D7-C13BD79F9CC4}.Debug|Any CPU.Deploy.0 = Debug|Any CPU
		{6F5AC7A0-9CFA-47F4-98D7-C13BD79F9CC4}.Release|Any CPU.ActiveCfg = Release|Any CPU
		{6F5AC7A0-9CFA-47F4-98D7-C13BD79F9CC4}.Release|Any CPU.Build.0 = Release|Any CPU
		{6F5AC7A0-9CFA-47F4-98D7-C13BD79F9CC4}.Release|Any CPU.Deploy.0 = Release|Any CPU
	EndGlobalSection
	GlobalSection(SolutionProperties) = preSolution
		HideSolutionNode = FALSE
	EndGlobalSection
	GlobalSection(ExtensibilityGlobals) = postSolution
		SolutionGuid = {315E4BA1-0864-43B7-B63B-384C886CA161}
	EndGlobalSection
EndGlobal
